
Microsoft Visual Studio Solution File, Format Version 12.00
# Visual Studio Version 17
VisualStudioVersion = 17.10.34928.147
MinimumVisualStudioVersion = 10.0.40219.1
Project("{FAE04EC0-301F-11D3-BF4B-00C04F79EFBC}") = "Text Processor Task", "Text Processor Task.csproj", "{0E2AC31D-69FC-436F-B957-EB02B96DAE10}"
EndProject
Global
	GlobalSection(SolutionConfigurationPlatforms) = preSolution
		Debug|Any CPU = Debug|Any CPU
		Release|Any CPU = Release|Any CPU
	EndGlobalSection
	GlobalSection(ProjectConfigurationPlatforms) = postSolution
		{0E2AC31D-69FC-436F-B957-EB02B96DAE10}.Debug|Any CPU.ActiveCfg = Debug|Any CPU
		{0E2AC31D-69FC-436F-B957-EB02B96DAE10}.Debug|Any CPU.Build.0 = Debug|Any CPU
		{0E2AC31D-69FC-436F-B957-EB02B96DAE10}.Release|Any CPU.ActiveCfg = Release|Any CPU
		{0E2AC31D-69FC-436F-B957-EB02B96DAE10}.Release|Any CPU.Build.0 = Release|Any CPU
	EndGlobalSection
	GlobalSection(SolutionProperties) = preSolution
		HideSolutionNode = FALSE
	EndGlobalSection
	GlobalSection(ExtensibilityGlobals) = postSolution
		SolutionGuid = {A6618271-C5BC-4804-BBEA-AAC42EFD4577}
	EndGlobalSection
EndGlobal
